// !$*UTF8*$!
{
	archiveVersion = 1;
	classes = {
	};
	objectVersion = 56;
	objects = {

/* Begin PBXBuildFile section */
		AF64DDDB2A7350C600A014D8 /* AppDelegate.swift in Sources */ = {isa = PBXBuildFile; fileRef = AF64DDDA2A7350C600A014D8 /* AppDelegate.swift */; };
		AF64DDDD2A7350C600A014D8 /* SceneDelegate.swift in Sources */ = {isa = PBXBuildFile; fileRef = AF64DDDC2A7350C600A014D8 /* SceneDelegate.swift */; };
		AF64DDDF2A7350C600A014D8 /* ViewController.swift in Sources */ = {isa = PBXBuildFile; fileRef = AF64DDDE2A7350C600A014D8 /* ViewController.swift */; };
		AF64DDE22A7350C600A014D8 /* Main.storyboard in Resources */ = {isa = PBXBuildFile; fileRef = AF64DDE02A7350C600A014D8 /* Main.storyboard */; };
		AF64DDE42A7350C700A014D8 /* Assets.xcassets in Resources */ = {isa = PBXBuildFile; fileRef = AF64DDE32A7350C700A014D8 /* Assets.xcassets */; };
		AF64DDE72A7350C700A014D8 /* LaunchScreen.storyboard in Resources */ = {isa = PBXBuildFile; fileRef = AF64DDE52A7350C700A014D8 /* LaunchScreen.storyboard */; };
		AF64DDF12A73523500A014D8 /* SpringViewController.swift in Sources */ = {isa = PBXBuildFile; fileRef = AF64DDF02A73523500A014D8 /* SpringViewController.swift */; };
		AF64DDF32A73524100A014D8 /* SummerViewController.swift in Sources */ = {isa = PBXBuildFile; fileRef = AF64DDF22A73524100A014D8 /* SummerViewController.swift */; };
		AF64DDF52A73524C00A014D8 /* AutumnViewController.swift in Sources */ = {isa = PBXBuildFile; fileRef = AF64DDF42A73524C00A014D8 /* AutumnViewController.swift */; };
		AF64DDF72A73525700A014D8 /* WinterViewController.swift in Sources */ = {isa = PBXBuildFile; fileRef = AF64DDF62A73525700A014D8 /* WinterViewController.swift */; };
		AF64DDF92A73627B00A014D8 /* springParticle.sks in Resources */ = {isa = PBXBuildFile; fileRef = AF64DDF82A73627B00A014D8 /* springParticle.sks */; };
		AF64DDFD2A7368FC00A014D8 /* summerParticle.sks in Resources */ = {isa = PBXBuildFile; fileRef = AF64DDFC2A7368FC00A014D8 /* summerParticle.sks */; };
		AF64DDFF2A736C5300A014D8 /* autumnParticle.sks in Resources */ = {isa = PBXBuildFile; fileRef = AF64DDFE2A736C5300A014D8 /* autumnParticle.sks */; };
		AF64DE012A736E5400A014D8 /* winterParticle.sks in Resources */ = {isa = PBXBuildFile; fileRef = AF64DE002A736E5400A014D8 /* winterParticle.sks */; };
/* End PBXBuildFile section */

/* Begin PBXFileReference section */
		AF64DDD72A7350C600A014D8 /* Seasons ver.2.app */ = {isa = PBXFileReference; explicitFileType = wrapper.application; includeInIndex = 0; path = "Seasons ver.2.app"; sourceTree = BUILT_PRODUCTS_DIR; };
		AF64DDDA2A7350C600A014D8 /* AppDelegate.swift */ = {isa = PBXFileReference; lastKnownFileType = sourcecode.swift; path = AppDelegate.swift; sourceTree = "<group>"; };
		AF64DDDC2A7350C600A014D8 /* SceneDelegate.swift */ = {isa = PBXFileReference; lastKnownFileType = sourcecode.swift; path = SceneDelegate.swift; sourceTree = "<group>"; };
		AF64DDDE2A7350C600A014D8 /* ViewController.swift */ = {isa = PBXFileReference; lastKnownFileType = sourcecode.swift; path = ViewController.swift; sourceTree = "<group>"; };
		AF64DDE12A7350C600A014D8 /* Base */ = {isa = PBXFileReference; lastKnownFileType = file.storyboard; name = Base; path = Base.lproj/Main.storyboard; sourceTree = "<group>"; };
		AF64DDE32A7350C700A014D8 /* Assets.xcassets */ = {isa = PBXFileReference; lastKnownFileType = folder.assetcatalog; path = Assets.xcassets; sourceTree = "<group>"; };
		AF64DDE62A7350C700A014D8 /* Base */ = {isa = PBXFileReference; lastKnownFileType = file.storyboard; name = Base; path = Base.lproj/LaunchScreen.storyboard; sourceTree = "<group>"; };
		AF64DDE82A7350C700A014D8 /* Info.plist */ = {isa = PBXFileReference; lastKnownFileType = text.plist.xml; path = Info.plist; sourceTree = "<group>"; };
		AF64DDF02A73523500A014D8 /* SpringViewController.swift */ = {isa = PBXFileReference; lastKnownFileType = sourcecode.swift; path = SpringViewController.swift; sourceTree = "<group>"; };
		AF64DDF22A73524100A014D8 /* SummerViewController.swift */ = {isa = PBXFileReference; lastKnownFileType = sourcecode.swift; path = SummerViewController.swift; sourceTree = "<group>"; };
		AF64DDF42A73524C00A014D8 /* AutumnViewController.swift */ = {isa = PBXFileReference; lastKnownFileType = sourcecode.swift; path = AutumnViewController.swift; sourceTree = "<group>"; };
		AF64DDF62A73525700A014D8 /* WinterViewController.swift */ = {isa = PBXFileReference; lastKnownFileType = sourcecode.swift; path = WinterViewController.swift; sourceTree = "<group>"; };
		AF64DDF82A73627B00A014D8 /* springParticle.sks */ = {isa = PBXFileReference; lastKnownFileType = file.sks; path = springParticle.sks; sourceTree = "<group>"; };
		AF64DDFC2A7368FC00A014D8 /* summerParticle.sks */ = {isa = PBXFileReference; lastKnownFileType = file.sks; path = summerParticle.sks; sourceTree = "<group>"; };
		AF64DDFE2A736C5300A014D8 /* autumnParticle.sks */ = {isa = PBXFileReference; lastKnownFileType = file.sks; path = autumnParticle.sks; sourceTree = "<group>"; };
		AF64DE002A736E5400A014D8 /* winterParticle.sks */ = {isa = PBXFileReference; lastKnownFileType = file.sks; path = winterParticle.sks; sourceTree = "<group>"; };
/* End PBXFileReference section */

/* Begin PBXFrameworksBuildPhase section */
		AF64DDD42A7350C600A014D8 /* Frameworks */ = {
			isa = PBXFrameworksBuildPhase;
			buildActionMask = 2147483647;
			files = (
			);
			runOnlyForDeploymentPostprocessing = 0;
		};
/* End PBXFrameworksBuildPhase section */

/* Begin PBXGroup section */
		AF64DDCE2A7350C600A014D8 = {
			isa = PBXGroup;
			children = (
				AF64DDD92A7350C600A014D8 /* Seasons ver.2 */,
				AF64DDD82A7350C600A014D8 /* Products */,
			);
			sourceTree = "<group>";
		};
		AF64DDD82A7350C600A014D8 /* Products */ = {
			isa = PBXGroup;
			children = (
				AF64DDD72A7350C600A014D8 /* Seasons ver.2.app */,
			);
			name = Products;
			sourceTree = "<group>";
		};
		AF64DDD92A7350C600A014D8 /* Seasons ver.2 */ = {
			isa = PBXGroup;
			children = (
				AF64DDDA2A7350C600A014D8 /* AppDelegate.swift */,
				AF64DDDC2A7350C600A014D8 /* SceneDelegate.swift */,
				AF64DDDE2A7350C600A014D8 /* ViewController.swift */,
				AF64DDE02A7350C600A014D8 /* Main.storyboard */,
				AF64DDF02A73523500A014D8 /* SpringViewController.swift */,
				AF64DDF82A73627B00A014D8 /* springParticle.sks */,
				AF64DDF22A73524100A014D8 /* SummerViewController.swift */,
				AF64DDFC2A7368FC00A014D8 /* summerParticle.sks */,
				AF64DDF42A73524C00A014D8 /* AutumnViewController.swift */,
				AF64DDFE2A736C5300A014D8 /* autumnParticle.sks */,
				AF64DE002A736E5400A014D8 /* winterParticle.sks */,
				AF64DDF62A73525700A014D8 /* WinterViewController.swift */,
				AF64DDE32A7350C700A014D8 /* Assets.xcassets */,
				AF64DDE52A7350C700A014D8 /* LaunchScreen.storyboard */,
				AF64DDE82A7350C700A014D8 /* Info.plist */,
			);
			path = "Seasons ver.2";
			sourceTree = "<group>";
		};
/* End PBXGroup section */

/* Begin PBXNativeTarget section */
		AF64DDD62A7350C600A014D8 /* Seasons ver.2 */ = {
			isa = PBXNativeTarget;
			buildConfigurationList = AF64DDEB2A7350C700A014D8 /* Build configuration list for PBXNativeTarget "Seasons ver.2" */;
			buildPhases = (
				AF64DDD32A7350C600A014D8 /* Sources */,
				AF64DDD42A7350C600A014D8 /* Frameworks */,
				AF64DDD52A7350C600A014D8 /* Resources */,
			);
			buildRules = (
			);
			dependencies = (
			);
			name = "Seasons ver.2";
			productName = "Seasons ver.2";
			productReference = AF64DDD72A7350C600A014D8 /* Seasons ver.2.app */;
			productType = "com.apple.product-type.application";
		};
/* End PBXNativeTarget section */

/* Begin PBXProject section */
		AF64DDCF2A7350C600A014D8 /* Project object */ = {
			isa = PBXProject;
			attributes = {
				BuildIndependentTargetsInParallel = 1;
				LastSwiftUpdateCheck = 1430;
				LastUpgradeCheck = 1430;
				TargetAttributes = {
					AF64DDD62A7350C600A014D8 = {
						CreatedOnToolsVersion = 14.3.1;
					};
				};
			};
			buildConfigurationList = AF64DDD22A7350C600A014D8 /* Build configuration list for PBXProject "Seasons ver.2" */;
			compatibilityVersion = "Xcode 14.0";
			developmentRegion = en;
			hasScannedForEncodings = 0;
			knownRegions = (
				en,
				Base,
			);
			mainGroup = AF64DDCE2A7350C600A014D8;
			productRefGroup = AF64DDD82A7350C600A014D8 /* Products */;
			projectDirPath = "";
			projectRoot = "";
			targets = (
				AF64DDD62A7350C600A014D8 /* Seasons ver.2 */,
			);
		};
/* End PBXProject section */

/* Begin PBXResourcesBuildPhase section */
		AF64DDD52A7350C600A014D8 /* Resources */ = {
			isa = PBXResourcesBuildPhase;
			buildActionMask = 2147483647;
			files = (
				AF64DDF92A73627B00A014D8 /* springParticle.sks in Resources */,
				AF64DE012A736E5400A014D8 /* winterParticle.sks in Resources */,
				AF64DDFF2A736C5300A014D8 /* autumnParticle.sks in Resources */,
				AF64DDFD2A7368FC00A014D8 /* summerParticle.sks in Resources */,
				AF64DDE72A7350C700A014D8 /* LaunchScreen.storyboard in Resources */,
				AF64DDE42A7350C700A014D8 /* Assets.xcassets in Resources */,
				AF64DDE22A7350C600A014D8 /* Main.storyboard in Resources */,
			);
			runOnlyForDeploymentPostprocessing = 0;
		};
/* End PBXResourcesBuildPhase section */

/* Begin PBXSourcesBuildPhase section */
		AF64DDD32A7350C600A014D8 /* Sources */ = {
			isa = PBXSourcesBuildPhase;
			buildActionMask = 2147483647;
			files = (
				AF64DDDF2A7350C600A014D8 /* ViewController.swift in Sources */,
				AF64DDDB2A7350C600A014D8 /* AppDelegate.swift in Sources */,
				AF64DDF52A73524C00A014D8 /* AutumnViewController.swift in Sources */,
				AF64DDF72A73525700A014D8 /* WinterViewController.swift in Sources */,
				AF64DDF32A73524100A014D8 /* SummerViewController.swift in Sources */,
				AF64DDDD2A7350C600A014D8 /* SceneDelegate.swift in Sources */,
				AF64DDF12A73523500A014D8 /* SpringViewController.swift in Sources */,
			);
			runOnlyForDeploymentPostprocessing = 0;
		};
/* End PBXSourcesBuildPhase section */

/* Begin PBXVariantGroup section */
		AF64DDE02A7350C600A014D8 /* Main.storyboard */ = {
			isa = PBXVariantGroup;
			children = (
				AF64DDE12A7350C600A014D8 /* Base */,
			);
			name = Main.storyboard;
			sourceTree = "<group>";
		};
		AF64DDE52A7350C700A014D8 /* LaunchScreen.storyboard */ = {
			isa = PBXVariantGroup;
			children = (
				AF64DDE62A7350C700A014D8 /* Base */,
			);
			name = LaunchScreen.storyboard;
			sourceTree = "<group>";
		};
/* End PBXVariantGroup section */

/* Begin XCBuildConfiguration section */
		AF64DDE92A7350C700A014D8 /* Debug */ = {
			isa = XCBuildConfiguration;
			buildSettings = {
				ALWAYS_SEARCH_USER_PATHS = NO;
				CLANG_ANALYZER_NONNULL = YES;
				CLANG_ANALYZER_NUMBER_OBJECT_CONVERSION = YES_AGGRESSIVE;
				CLANG_CXX_LANGUAGE_STANDARD = "gnu++20";
				CLANG_ENABLE_MODULES = YES;
				CLANG_ENABLE_OBJC_ARC = YES;
				CLANG_ENABLE_OBJC_WEAK = YES;
				CLANG_WARN_BLOCK_CAPTURE_AUTORELEASING = YES;
				CLANG_WARN_BOOL_CONVERSION = YES;
				CLANG_WARN_COMMA = YES;
				CLANG_WARN_CONSTANT_CONVERSION = YES;
				CLANG_WARN_DEPRECATED_OBJC_IMPLEMENTATIONS = YES;
				CLANG_WARN_DIRECT_OBJC_ISA_USAGE = YES_ERROR;
				CLANG_WARN_DOCUMENTATION_COMMENTS = YES;
				CLANG_WARN_EMPTY_BODY = YES;
				CLANG_WARN_ENUM_CONVERSION = YES;
				CLANG_WARN_INFINITE_RECURSION = YES;
				CLANG_WARN_INT_CONVERSION = YES;
				CLANG_WARN_NON_LITERAL_NULL_CONVERSION = YES;
				CLANG_WARN_OBJC_IMPLICIT_RETAIN_SELF = YES;
				CLANG_WARN_OBJC_LITERAL_CONVERSION = YES;
				CLANG_WARN_OBJC_ROOT_CLASS = YES_ERROR;
				CLANG_WARN_QUOTED_INCLUDE_IN_FRAMEWORK_HEADER = YES;
				CLANG_WARN_RANGE_LOOP_ANALYSIS = YES;
				CLANG_WARN_STRICT_PROTOTYPES = YES;
				CLANG_WARN_SUSPICIOUS_MOVE = YES;
				CLANG_WARN_UNGUARDED_AVAILABILITY = YES_AGGRESSIVE;
				CLANG_WARN_UNREACHABLE_CODE = YES;
				CLANG_WARN__DUPLICATE_METHOD_MATCH = YES;
				COPY_PHASE_STRIP = NO;
				DEBUG_INFORMATION_FORMAT = dwarf;
				ENABLE_STRICT_OBJC_MSGSEND = YES;
				ENABLE_TESTABILITY = YES;
				GCC_C_LANGUAGE_STANDARD = gnu11;
				GCC_DYNAMIC_NO_PIC = NO;
				GCC_NO_COMMON_BLOCKS = YES;
				GCC_OPTIMIZATION_LEVEL = 0;
				GCC_PREPROCESSOR_DEFINITIONS = (
					"DEBUG=1",
					"$(inherited)",
				);
				GCC_WARN_64_TO_32_BIT_CONVERSION = YES;
				GCC_WARN_ABOUT_RETURN_TYPE = YES_ERROR;
				GCC_WARN_UNDECLARED_SELECTOR = YES;
				GCC_WARN_UNINITIALIZED_AUTOS = YES_AGGRESSIVE;
				GCC_WARN_UNUSED_FUNCTION = YES;
				GCC_WARN_UNUSED_VARIABLE = YES;
				IPHONEOS_DEPLOYMENT_TARGET = 16.4;
				MTL_ENABLE_DEBUG_INFO = INCLUDE_SOURCE;
				MTL_FAST_MATH = YES;
				ONLY_ACTIVE_ARCH = YES;
				SDKROOT = iphoneos;
				SWIFT_ACTIVE_COMPILATION_CONDITIONS = DEBUG;
				SWIFT_OPTIMIZATION_LEVEL = "-Onone";
			};
			name = Debug;
		};
		AF64DDEA2A7350C700A014D8 /* Release */ = {
			isa = XCBuildConfiguration;
			buildSettings = {
				ALWAYS_SEARCH_USER_PATHS = NO;
				CLANG_ANALYZER_NONNULL = YES;
				CLANG_ANALYZER_NUMBER_OBJECT_CONVERSION = YES_AGGRESSIVE;
				CLANG_CXX_LANGUAGE_STANDARD = "gnu++20";
				CLANG_ENABLE_MODULES = YES;
				CLANG_ENABLE_OBJC_ARC = YES;
				CLANG_ENABLE_OBJC_WEAK = YES;
				CLANG_WARN_BLOCK_CAPTURE_AUTORELEASING = YES;
				CLANG_WARN_BOOL_CONVERSION = YES;
				CLANG_WARN_COMMA = YES;
				CLANG_WARN_CONSTANT_CONVERSION = YES;
				CLANG_WARN_DEPRECATED_OBJC_IMPLEMENTATIONS = YES;
				CLANG_WARN_DIRECT_OBJC_ISA_USAGE = YES_ERROR;
				CLANG_WARN_DOCUMENTATION_COMMENTS = YES;
				CLANG_WARN_EMPTY_BODY = YES;
				CLANG_WARN_ENUM_CONVERSION = YES;
				CLANG_WARN_INFINITE_RECURSION = YES;
				CLANG_WARN_INT_CONVERSION = YES;
				CLANG_WARN_NON_LITERAL_NULL_CONVERSION = YES;
				CLANG_WARN_OBJC_IMPLICIT_RETAIN_SELF = YES;
				CLANG_WARN_OBJC_LITERAL_CONVERSION = YES;
				CLANG_WARN_OBJC_ROOT_CLASS = YES_ERROR;
				CLANG_WARN_QUOTED_INCLUDE_IN_FRAMEWORK_HEADER = YES;
				CLANG_WARN_RANGE_LOOP_ANALYSIS = YES;
				CLANG_WARN_STRICT_PROTOTYPES = YES;
				CLANG_WARN_SUSPICIOUS_MOVE = YES;
				CLANG_WARN_UNGUARDED_AVAILABILITY = YES_AGGRESSIVE;
				CLANG_WARN_UNREACHABLE_CODE = YES;
				CLANG_WARN__DUPLICATE_METHOD_MATCH = YES;
				COPY_PHASE_STRIP = NO;
				DEBUG_INFORMATION_FORMAT = "dwarf-with-dsym";
				ENABLE_NS_ASSERTIONS = NO;
				ENABLE_STRICT_OBJC_MSGSEND = YES;
				GCC_C_LANGUAGE_STANDARD = gnu11;
				GCC_NO_COMMON_BLOCKS = YES;
				GCC_WARN_64_TO_32_BIT_CONVERSION = YES;
				GCC_WARN_ABOUT_RETURN_TYPE = YES_ERROR;
				GCC_WARN_UNDECLARED_SELECTOR = YES;
				GCC_WARN_UNINITIALIZED_AUTOS = YES_AGGRESSIVE;
				GCC_WARN_UNUSED_FUNCTION = YES;
				GCC_WARN_UNUSED_VARIABLE = YES;
				IPHONEOS_DEPLOYMENT_TARGET = 16.4;
				MTL_ENABLE_DEBUG_INFO = NO;
				MTL_FAST_MATH = YES;
				SDKROOT = iphoneos;
				SWIFT_COMPILATION_MODE = wholemodule;
				SWIFT_OPTIMIZATION_LEVEL = "-O";
				VALIDATE_PRODUCT = YES;
			};
			name = Release;
		};
		AF64DDEC2A7350C700A014D8 /* Debug */ = {
			isa = XCBuildConfiguration;
			buildSettings = {
				ASSETCATALOG_COMPILER_APPICON_NAME = AppIcon;
				ASSETCATALOG_COMPILER_GLOBAL_ACCENT_COLOR_NAME = AccentColor;
				CODE_SIGN_STYLE = Automatic;
				CURRENT_PROJECT_VERSION = 1;
				DEVELOPMENT_TEAM = 7WM9U7Y583;
				GENERATE_INFOPLIST_FILE = YES;
				INFOPLIST_FILE = "Seasons ver.2/Info.plist";
				INFOPLIST_KEY_CFBundleDisplayName = "四季圖";
				INFOPLIST_KEY_UIApplicationSupportsIndirectInputEvents = YES;
				INFOPLIST_KEY_UILaunchStoryboardName = LaunchScreen;
				INFOPLIST_KEY_UIMainStoryboardFile = Main;
				INFOPLIST_KEY_UISupportedInterfaceOrientations_iPad = "UIInterfaceOrientationPortrait UIInterfaceOrientationPortraitUpsideDown UIInterfaceOrientationLandscapeLeft UIInterfaceOrientationLandscapeRight";
				INFOPLIST_KEY_UISupportedInterfaceOrientations_iPhone = "UIInterfaceOrientationPortrait UIInterfaceOrientationLandscapeLeft UIInterfaceOrientationLandscapeRight";
				LD_RUNPATH_SEARCH_PATHS = (
					"$(inherited)",
					"@executable_path/Frameworks",
				);
				MARKETING_VERSION = 1.0;
				PRODUCT_BUNDLE_IDENTIFIER = "pei.Seasons-ver-2";
				PRODUCT_NAME = "$(TARGET_NAME)";
				SWIFT_EMIT_LOC_STRINGS = YES;
				SWIFT_VERSION = 5.0;
				TARGETED_DEVICE_FAMILY = "1,2";
			};
			name = Debug;
		};
		AF64DDED2A7350C700A014D8 /* Release */ = {
			isa = XCBuildConfiguration;
			buildSettings = {
				ASSETCATALOG_COMPILER_APPICON_NAME = AppIcon;
				ASSETCATALOG_COMPILER_GLOBAL_ACCENT_COLOR_NAME = AccentColor;
				CODE_SIGN_STYLE = Automatic;
				CURRENT_PROJECT_VERSION = 1;
				DEVELOPMENT_TEAM = 7WM9U7Y583;
				GENERATE_INFOPLIST_FILE = YES;
				INFOPLIST_FILE = "Seasons ver.2/Info.plist";
				INFOPLIST_KEY_CFBundleDisplayName = "四季圖";
				INFOPLIST_KEY_UIApplicationSupportsIndirectInputEvents = YES;
				INFOPLIST_KEY_UILaunchStoryboardName = LaunchScreen;
				INFOPLIST_KEY_UIMainStoryboardFile = Main;
				INFOPLIST_KEY_UISupportedInterfaceOrientations_iPad = "UIInterfaceOrientationPortrait UIInterfaceOrientationPortraitUpsideDown UIInterfaceOrientationLandscapeLeft UIInterfaceOrientationLandscapeRight";
				INFOPLIST_KEY_UISupportedInterfaceOrientations_iPhone = "UIInterfaceOrientationPortrait UIInterfaceOrientationLandscapeLeft UIInterfaceOrientationLandscapeRight";
				LD_RUNPATH_SEARCH_PATHS = (
					"$(inherited)",
					"@executable_path/Frameworks",
				);
				MARKETING_VERSION = 1.0;
				PRODUCT_BUNDLE_IDENTIFIER = "pei.Seasons-ver-2";
				PRODUCT_NAME = "$(TARGET_NAME)";
				SWIFT_EMIT_LOC_STRINGS = YES;
				SWIFT_VERSION = 5.0;
				TARGETED_DEVICE_FAMILY = "1,2";
			};
			name = Release;
		};
/* End XCBuildConfiguration section */

/* Begin XCConfigurationList section */
		AF64DDD22A7350C600A014D8 /* Build configuration list for PBXProject "Seasons ver.2" */ = {
			isa = XCConfigurationList;
			buildConfigurations = (
				AF64DDE92A7350C700A014D8 /* Debug */,
				AF64DDEA2A7350C700A014D8 /* Release */,
			);
			defaultConfigurationIsVisible = 0;
			defaultConfigurationName = Release;
		};
		AF64DDEB2A7350C700A014D8 /* Build configuration list for PBXNativeTarget "Seasons ver.2" */ = {
			isa = XCConfigurationList;
			buildConfigurations = (
				AF64DDEC2A7350C700A014D8 /* Debug */,
				AF64DDED2A7350C700A014D8 /* Release */,
			);
			defaultConfigurationIsVisible = 0;
			defaultConfigurationName = Release;
		};
/* End XCConfigurationList section */
	};
	rootObject = AF64DDCF2A7350C600A014D8 /* Project object */;
}
